
Microsoft Visual Studio Solution File, Format Version 12.00
# Visual Studio 14
VisualStudioVersion = 14.0.25420.1
MinimumVisualStudioVersion = 10.0.40219.1
Project("{FAE04EC0-301F-11D3-BF4B-00C04F79EFBC}") = "UMB_APP", "UMB_APP\UMB_APP\UMB_APP.csproj", "{F833E76D-01C4-4841-A200-37D48451221A}"
EndProject
Project("{FAE04EC0-301F-11D3-BF4B-00C04F79EFBC}") = "UMB_APP.Droid", "UMB_APP\UMB_APP.Droid\UMB_APP.Droid.csproj", "{71524419-FCE5-49A5-99F2-3D417FFD7559}"
EndProject
Project("{FAE04EC0-301F-11D3-BF4B-00C04F79EFBC}") = "UMB_APP.iOS", "UMB_APP\UMB_APP.iOS\UMB_APP.iOS.csproj", "{B7C6B7BA-9663-4D52-B517-2528EC474231}"
EndProject
Project("{FAE04EC0-301F-11D3-BF4B-00C04F79EFBC}") = "UMB_APP.WinPhone", "UMB_APP\UMB_APP.WinPhone\UMB_APP.WinPhone.csproj", "{F446DF8E-FFFA-4C11-A8A3-55A652CA3ED3}"
EndProject
Project("{FAE04EC0-301F-11D3-BF4B-00C04F79EFBC}") = "UMB_APP.Windows", "UMB_APP\UMB_APP.Windows\UMB_APP.Windows.csproj", "{26CA1A3E-B207-45C1-83F6-2B93E8C37474}"
EndProject
Global
	GlobalSection(SolutionConfigurationPlatforms) = preSolution
		Ad-Hoc|Any CPU = Ad-Hoc|Any CPU
		Ad-Hoc|ARM = Ad-Hoc|ARM
		Ad-Hoc|iPhone = Ad-Hoc|iPhone
		Ad-Hoc|iPhoneSimulator = Ad-Hoc|iPhoneSimulator
		Ad-Hoc|x64 = Ad-Hoc|x64
		Ad-Hoc|x86 = Ad-Hoc|x86
		AppStore|Any CPU = AppStore|Any CPU
		AppStore|ARM = AppStore|ARM
		AppStore|iPhone = AppStore|iPhone
		AppStore|iPhoneSimulator = AppStore|iPhoneSimulator
		AppStore|x64 = AppStore|x64
		AppStore|x86 = AppStore|x86
		Debug|Any CPU = Debug|Any CPU
		Debug|ARM = Debug|ARM
		Debug|iPhone = Debug|iPhone
		Debug|iPhoneSimulator = Debug|iPhoneSimulator
		Debug|x64 = Debug|x64
		Debug|x86 = Debug|x86
		Release|Any CPU = Release|Any CPU
		Release|ARM = Release|ARM
		Release|iPhone = Release|iPhone
		Release|iPhoneSimulator = Release|iPhoneSimulator
		Release|x64 = Release|x64
		Release|x86 = Release|x86
	EndGlobalSection
	GlobalSection(ProjectConfigurationPlatforms) = postSolution
		{F833E76D-01C4-4841-A200-37D48451221A}.Ad-Hoc|Any CPU.ActiveCfg = Release|Any CPU
		{F833E76D-01C4-4841-A200-37D48451221A}.Ad-Hoc|Any CPU.Build.0 = Release|Any CPU
		{F833E76D-01C4-4841-A200-37D48451221A}.Ad-Hoc|ARM.ActiveCfg = Release|Any CPU
		{F833E76D-01C4-4841-A200-37D48451221A}.Ad-Hoc|ARM.Build.0 = Release|Any CPU
		{F833E76D-01C4-4841-A200-37D48451221A}.Ad-Hoc|iPhone.ActiveCfg = Release|Any CPU
		{F833E76D-01C4-4841-A200-37D48451221A}.Ad-Hoc|iPhone.Build.0 = Release|Any CPU
		{F833E76D-01C4-4841-A200-37D48451221A}.Ad-Hoc|iPhoneSimulator.ActiveCfg = Release|Any CPU
		{F833E76D-01C4-4841-A200-37D48451221A}.Ad-Hoc|iPhoneSimulator.Build.0 = Release|Any CPU
		{F833E76D-01C4-4841-A200-37D48451221A}.Ad-Hoc|x64.ActiveCfg = Release|Any CPU
		{F833E76D-01C4-4841-A200-37D48451221A}.Ad-Hoc|x64.Build.0 = Release|Any CPU
		{F833E76D-01C4-4841-A200-37D48451221A}.Ad-Hoc|x86.ActiveCfg = Release|Any CPU
		{F833E76D-01C4-4841-A200-37D48451221A}.Ad-Hoc|x86.Build.0 = Release|Any CPU
		{F833E76D-01C4-4841-A200-37D48451221A}.AppStore|Any CPU.ActiveCfg = Release|Any CPU
		{F833E76D-01C4-4841-A200-37D48451221A}.AppStore|Any CPU.Build.0 = Release|Any CPU
		{F833E76D-01C4-4841-A200-37D48451221A}.AppStore|ARM.ActiveCfg = Release|Any CPU
		{F833E76D-01C4-4841-A200-37D48451221A}.AppStore|ARM.Build.0 = Release|Any CPU
		{F833E76D-01C4-4841-A200-37D48451221A}.AppStore|iPhone.ActiveCfg = Release|Any CPU
		{F833E76D-01C4-4841-A200-37D48451221A}.AppStore|iPhone.Build.0 = Release|Any CPU
		{F833E76D-01C4-4841-A200-37D48451221A}.AppStore|iPhoneSimulator.ActiveCfg = Release|Any CPU
		{F833E76D-01C4-4841-A200-37D48451221A}.AppStore|iPhoneSimulator.Build.0 = Release|Any CPU
		{F833E76D-01C4-4841-A200-37D48451221A}.AppStore|x64.ActiveCfg = Release|Any CPU
		{F833E76D-01C4-4841-A200-37D48451221A}.AppStore|x64.Build.0 = Release|Any CPU
		{F833E76D-01C4-4841-A200-37D48451221A}.AppStore|x86.ActiveCfg = Release|Any CPU
		{F833E76D-01C4-4841-A200-37D48451221A}.AppStore|x86.Build.0 = Release|Any CPU
		{F833E76D-01C4-4841-A200-37D48451221A}.Debug|Any CPU.ActiveCfg = Debug|Any CPU
		{F833E76D-01C4-4841-A200-37D48451221A}.Debug|Any CPU.Build.0 = Debug|Any CPU
		{F833E76D-01C4-4841-A200-37D48451221A}.Debug|ARM.ActiveCfg = Debug|Any CPU
		{F833E76D-01C4-4841-A200-37D48451221A}.Debug|ARM.Build.0 = Debug|Any CPU
		{F833E76D-01C4-4841-A200-37D48451221A}.Debug|iPhone.ActiveCfg = Debug|Any CPU
		{F833E76D-01C4-4841-A200-37D48451221A}.Debug|iPhone.Build.0 = Debug|Any CPU
		{F833E76D-01C4-4841-A200-37D48451221A}.Debug|iPhoneSimulator.ActiveCfg = Debug|Any CPU
		{F833E76D-01C4-4841-A200-37D48451221A}.Debug|iPhoneSimulator.Build.0 = Debug|Any CPU
		{F833E76D-01C4-4841-A200-37D48451221A}.Debug|x64.ActiveCfg = Debug|Any CPU
		{F833E76D-01C4-4841-A200-37D48451221A}.Debug|x64.Build.0 = Debug|Any CPU
		{F833E76D-01C4-4841-A200-37D48451221A}.Debug|x86.ActiveCfg = Debug|Any CPU
		{F833E76D-01C4-4841-A200-37D48451221A}.Debug|x86.Build.0 = Debug|Any CPU
		{F833E76D-01C4-4841-A200-37D48451221A}.Release|Any CPU.ActiveCfg = Release|Any CPU
		{F833E76D-01C4-4841-A200-37D48451221A}.Release|Any CPU.Build.0 = Release|Any CPU
		{F833E76D-01C4-4841-A200-37D48451221A}.Release|ARM.ActiveCfg = Release|Any CPU
		{F833E76D-01C4-4841-A200-37D48451221A}.Release|ARM.Build.0 = Release|Any CPU
		{F833E76D-01C4-4841-A200-37D48451221A}.Release|iPhone.ActiveCfg = Release|Any CPU
		{F833E76D-01C4-4841-A200-37D48451221A}.Release|iPhone.Build.0 = Release|Any CPU
		{F833E76D-01C4-4841-A200-37D48451221A}.Release|iPhoneSimulator.ActiveCfg = Release|Any CPU
		{F833E76D-01C4-4841-A200-37D48451221A}.Release|iPhoneSimulator.Build.0 = Release|Any CPU
		{F833E76D-01C4-4841-A200-37D48451221A}.Release|x64.ActiveCfg = Release|Any CPU
		{F833E76D-01C4-4841-A200-37D48451221A}.Release|x64.Build.0 = Release|Any CPU
		{F833E76D-01C4-4841-A200-37D48451221A}.Release|x86.ActiveCfg = Release|Any CPU
		{F833E76D-01C4-4841-A200-37D48451221A}.Release|x86.Build.0 = Release|Any CPU
		{71524419-FCE5-49A5-99F2-3D417FFD7559}.Ad-Hoc|Any CPU.ActiveCfg = Release|Any CPU
		{71524419-FCE5-49A5-99F2-3D417FFD7559}.Ad-Hoc|Any CPU.Build.0 = Release|Any CPU
		{71524419-FCE5-49A5-99F2-3D417FFD7559}.Ad-Hoc|Any CPU.Deploy.0 = Release|Any CPU
		{71524419-FCE5-49A5-99F2-3D417FFD7559}.Ad-Hoc|ARM.ActiveCfg = Release|Any CPU
		{71524419-FCE5-49A5-99F2-3D417FFD7559}.Ad-Hoc|ARM.Build.0 = Release|Any CPU
		{71524419-FCE5-49A5-99F2-3D417FFD7559}.Ad-Hoc|ARM.Deploy.0 = Release|Any CPU
		{71524419-FCE5-49A5-99F2-3D417FFD7559}.Ad-Hoc|iPhone.ActiveCfg = Release|Any CPU
		{71524419-FCE5-49A5-99F2-3D417FFD7559}.Ad-Hoc|iPhone.Build.0 = Release|Any CPU
		{71524419-FCE5-49A5-99F2-3D417FFD7559}.Ad-Hoc|iPhone.Deploy.0 = Release|Any CPU
		{71524419-FCE5-49A5-99F2-3D417FFD7559}.Ad-Hoc|iPhoneSimulator.ActiveCfg = Release|Any CPU
		{71524419-FCE5-49A5-99F2-3D417FFD7559}.Ad-Hoc|iPhoneSimulator.Build.0 = Release|Any CPU
		{71524419-FCE5-49A5-99F2-3D417FFD7559}.Ad-Hoc|iPhoneSimulator.Deploy.0 = Release|Any CPU
		{71524419-FCE5-49A5-99F2-3D417FFD7559}.Ad-Hoc|x64.ActiveCfg = Release|Any CPU
		{71524419-FCE5-49A5-99F2-3D417FFD7559}.Ad-Hoc|x64.Build.0 = Release|Any CPU
		{71524419-FCE5-49A5-99F2-3D417FFD7559}.Ad-Hoc|x64.Deploy.0 = Release|Any CPU
		{71524419-FCE5-49A5-99F2-3D417FFD7559}.Ad-Hoc|x86.ActiveCfg = Release|Any CPU
		{71524419-FCE5-49A5-99F2-3D417FFD7559}.Ad-Hoc|x86.Build.0 = Release|Any CPU
		{71524419-FCE5-49A5-99F2-3D417FFD7559}.Ad-Hoc|x86.Deploy.0 = Release|Any CPU
		{71524419-FCE5-49A5-99F2-3D417FFD7559}.AppStore|Any CPU.ActiveCfg = Release|Any CPU
		{71524419-FCE5-49A5-99F2-3D417FFD7559}.AppStore|Any CPU.Build.0 = Release|Any CPU
		{71524419-FCE5-49A5-99F2-3D417FFD7559}.AppStore|Any CPU.Deploy.0 = Release|Any CPU
		{71524419-FCE5-49A5-99F2-3D417FFD7559}.AppStore|ARM.ActiveCfg = Release|Any CPU
		{71524419-FCE5-49A5-99F2-3D417FFD7559}.AppStore|ARM.Build.0 = Release|Any CPU
		{71524419-FCE5-49A5-99F2-3D417FFD7559}.AppStore|ARM.Deploy.0 = Release|Any CPU
		{71524419-FCE5-49A5-99F2-3D417FFD7559}.AppStore|iPhone.ActiveCfg = Release|Any CPU
		{71524419-FCE5-49A5-99F2-3D417FFD7559}.AppStore|iPhone.Build.0 = Release|Any CPU
		{71524419-FCE5-49A5-99F2-3D417FFD7559}.AppStore|iPhone.Deploy.0 = Release|Any CPU
		{71524419-FCE5-49A5-99F2-3D417FFD7559}.AppStore|iPhoneSimulator.ActiveCfg = Release|Any CPU
		{71524419-FCE5-49A5-99F2-3D417FFD7559}.AppStore|iPhoneSimulator.Build.0 = Release|Any CPU
		{71524419-FCE5-49A5-99F2-3D417FFD7559}.AppStore|iPhoneSimulator.Deploy.0 = Release|Any CPU
		{71524419-FCE5-49A5-99F2-3D417FFD7559}.AppStore|x64.ActiveCfg = Release|Any CPU
		{71524419-FCE5-49A5-99F2-3D417FFD7559}.AppStore|x64.Build.0 = Release|Any CPU
		{71524419-FCE5-49A5-99F2-3D417FFD7559}.AppStore|x64.Deploy.0 = Release|Any CPU
		{71524419-FCE5-49A5-99F2-3D417FFD7559}.AppStore|x86.ActiveCfg = Release|Any CPU
		{71524419-FCE5-49A5-99F2-3D417FFD7559}.AppStore|x86.Build.0 = Release|Any CPU
		{71524419-FCE5-49A5-99F2-3D417FFD7559}.AppStore|x86.Deploy.0 = Release|Any CPU
		{71524419-FCE5-49A5-99F2-3D417FFD7559}.Debug|Any CPU.ActiveCfg = Debug|Any CPU
		{71524419-FCE5-49A5-99F2-3D417FFD7559}.Debug|Any CPU.Build.0 = Debug|Any CPU
		{71524419-FCE5-49A5-99F2-3D417FFD7559}.Debug|Any CPU.Deploy.0 = Debug|Any CPU
		{71524419-FCE5-49A5-99F2-3D417FFD7559}.Debug|ARM.ActiveCfg = Debug|Any CPU
		{71524419-FCE5-49A5-99F2-3D417FFD7559}.Debug|ARM.Build.0 = Debug|Any CPU
		{71524419-FCE5-49A5-99F2-3D417FFD7559}.Debug|ARM.Deploy.0 = Debug|Any CPU
		{71524419-FCE5-49A5-99F2-3D417FFD7559}.Debug|iPhone.ActiveCfg = Debug|Any CPU
		{71524419-FCE5-49A5-99F2-3D417FFD7559}.Debug|iPhone.Build.0 = Debug|Any CPU
		{71524419-FCE5-49A5-99F2-3D417FFD7559}.Debug|iPhone.Deploy.0 = Debug|Any CPU
		{71524419-FCE5-49A5-99F2-3D417FFD7559}.Debug|iPhoneSimulator.ActiveCfg = Debug|Any CPU
		{71524419-FCE5-49A5-99F2-3D417FFD7559}.Debug|iPhoneSimulator.Build.0 = Debug|Any CPU
		{71524419-FCE5-49A5-99F2-3D417FFD7559}.Debug|iPhoneSimulator.Deploy.0 = Debug|Any CPU
		{71524419-FCE5-49A5-99F2-3D417FFD7559}.Debug|x64.ActiveCfg = Debug|Any CPU
		{71524419-FCE5-49A5-99F2-3D417FFD7559}.Debug|x64.Build.0 = Debug|Any CPU
		{71524419-FCE5-49A5-99F2-3D417FFD7559}.Debug|x64.Deploy.0 = Debug|Any CPU
		{71524419-FCE5-49A5-99F2-3D417FFD7559}.Debug|x86.ActiveCfg = Debug|Any CPU
		{71524419-FCE5-49A5-99F2-3D417FFD7559}.Debug|x86.Build.0 = Debug|Any CPU
		{71524419-FCE5-49A5-99F2-3D417FFD7559}.Debug|x86.Deploy.0 = Debug|Any CPU
		{71524419-FCE5-49A5-99F2-3D417FFD7559}.Release|Any CPU.ActiveCfg = Release|Any CPU
		{71524419-FCE5-49A5-99F2-3D417FFD7559}.Release|Any CPU.Build.0 = Release|Any CPU
		{71524419-FCE5-49A5-99F2-3D417FFD7559}.Release|Any CPU.Deploy.0 = Release|Any CPU
		{71524419-FCE5-49A5-99F2-3D417FFD7559}.Release|ARM.ActiveCfg = Release|Any CPU
		{71524419-FCE5-49A5-99F2-3D417FFD7559}.Release|ARM.Build.0 = Release|Any CPU
		{71524419-FCE5-49A5-99F2-3D417FFD7559}.Release|ARM.Deploy.0 = Release|Any CPU
		{71524419-FCE5-49A5-99F2-3D417FFD7559}.Release|iPhone.ActiveCfg = Release|Any CPU
		{71524419-FCE5-49A5-99F2-3D417FFD7559}.Release|iPhone.Build.0 = Release|Any CPU
		{71524419-FCE5-49A5-99F2-3D417FFD7559}.Release|iPhone.Deploy.0 = Release|Any CPU
		{71524419-FCE5-49A5-99F2-3D417FFD7559}.Release|iPhoneSimulator.ActiveCfg = Release|Any CPU
		{71524419-FCE5-49A5-99F2-3D417FFD7559}.Release|iPhoneSimulator.Build.0 = Release|Any CPU
		{71524419-FCE5-49A5-99F2-3D417FFD7559}.Release|iPhoneSimulator.Deploy.0 = Release|Any CPU
		{71524419-FCE5-49A5-99F2-3D417FFD7559}.Release|x64.ActiveCfg = Release|Any CPU
		{71524419-FCE5-49A5-99F2-3D417FFD7559}.Release|x64.Build.0 = Release|Any CPU
		{71524419-FCE5-49A5-99F2-3D417FFD7559}.Release|x64.Deploy.0 = Release|Any CPU
		{71524419-FCE5-49A5-99F2-3D417FFD7559}.Release|x86.ActiveCfg = Release|Any CPU
		{71524419-FCE5-49A5-99F2-3D417FFD7559}.Release|x86.Build.0 = Release|Any CPU
		{71524419-FCE5-49A5-99F2-3D417FFD7559}.Release|x86.Deploy.0 = Release|Any CPU
		{B7C6B7BA-9663-4D52-B517-2528EC474231}.Ad-Hoc|Any CPU.ActiveCfg = Ad-Hoc|iPhone
		{B7C6B7BA-9663-4D52-B517-2528EC474231}.Ad-Hoc|ARM.ActiveCfg = Ad-Hoc|iPhone
		{B7C6B7BA-9663-4D52-B517-2528EC474231}.Ad-Hoc|iPhone.ActiveCfg = Ad-Hoc|iPhone
		{B7C6B7BA-9663-4D52-B517-2528EC474231}.Ad-Hoc|iPhone.Build.0 = Ad-Hoc|iPhone
		{B7C6B7BA-9663-4D52-B517-2528EC474231}.Ad-Hoc|iPhoneSimulator.ActiveCfg = Ad-Hoc|iPhoneSimulator
		{B7C6B7BA-9663-4D52-B517-2528EC474231}.Ad-Hoc|iPhoneSimulator.Build.0 = Ad-Hoc|iPhoneSimulator
		{B7C6B7BA-9663-4D52-B517-2528EC474231}.Ad-Hoc|x64.ActiveCfg = Ad-Hoc|iPhone
		{B7C6B7BA-9663-4D52-B517-2528EC474231}.Ad-Hoc|x86.ActiveCfg = Ad-Hoc|iPhone
		{B7C6B7BA-9663-4D52-B517-2528EC474231}.AppStore|Any CPU.ActiveCfg = AppStore|iPhone
		{B7C6B7BA-9663-4D52-B517-2528EC474231}.AppStore|ARM.ActiveCfg = AppStore|iPhone
		{B7C6B7BA-9663-4D52-B517-2528EC474231}.AppStore|iPhone.ActiveCfg = AppStore|iPhone
		{B7C6B7BA-9663-4D52-B517-2528EC474231}.AppStore|iPhone.Build.0 = AppStore|iPhone
		{B7C6B7BA-9663-4D52-B517-2528EC474231}.AppStore|iPhoneSimulator.ActiveCfg = AppStore|iPhoneSimulator
		{B7C6B7BA-9663-4D52-B517-2528EC474231}.AppStore|iPhoneSimulator.Build.0 = AppStore|iPhoneSimulator
		{B7C6B7BA-9663-4D52-B517-2528EC474231}.AppStore|x64.ActiveCfg = AppStore|iPhone
		{B7C6B7BA-9663-4D52-B517-2528EC474231}.AppStore|x86.ActiveCfg = AppStore|iPhone
		{B7C6B7BA-9663-4D52-B517-2528EC474231}.Debug|Any CPU.ActiveCfg = Debug|iPhone
		{B7C6B7BA-9663-4D52-B517-2528EC474231}.Debug|ARM.ActiveCfg = Debug|iPhone
		{B7C6B7BA-9663-4D52-B517-2528EC474231}.Debug|iPhone.ActiveCfg = Debug|iPhone
		{B7C6B7BA-9663-4D52-B517-2528EC474231}.Debug|iPhone.Build.0 = Debug|iPhone
		{B7C6B7BA-9663-4D52-B517-2528EC474231}.Debug|iPhoneSimulator.ActiveCfg = Debug|iPhoneSimulator
		{B7C6B7BA-9663-4D52-B517-2528EC474231}.Debug|iPhoneSimulator.Build.0 = Debug|iPhoneSimulator
		{B7C6B7BA-9663-4D52-B517-2528EC474231}.Debug|x64.ActiveCfg = Debug|iPhone
		{B7C6B7BA-9663-4D52-B517-2528EC474231}.Debug|x86.ActiveCfg = Debug|iPhone
		{B7C6B7BA-9663-4D52-B517-2528EC474231}.Release|Any CPU.ActiveCfg = Release|iPhone
		{B7C6B7BA-9663-4D52-B517-2528EC474231}.Release|ARM.ActiveCfg = Release|iPhone
		{B7C6B7BA-9663-4D52-B517-2528EC474231}.Release|iPhone.ActiveCfg = Release|iPhone
		{B7C6B7BA-9663-4D52-B517-2528EC474231}.Release|iPhone.Build.0 = Release|iPhone
		{B7C6B7BA-9663-4D52-B517-2528EC474231}.Release|iPhoneSimulator.ActiveCfg = Release|iPhoneSimulator
		{B7C6B7BA-9663-4D52-B517-2528EC474231}.Release|iPhoneSimulator.Build.0 = Release|iPhoneSimulator
		{B7C6B7BA-9663-4D52-B517-2528EC474231}.Release|x64.ActiveCfg = Release|iPhone
		{B7C6B7BA-9663-4D52-B517-2528EC474231}.Release|x86.ActiveCfg = Release|iPhone
		{F446DF8E-FFFA-4C11-A8A3-55A652CA3ED3}.Ad-Hoc|Any CPU.ActiveCfg = Release|Any CPU
		{F446DF8E-FFFA-4C11-A8A3-55A652CA3ED3}.Ad-Hoc|Any CPU.Build.0 = Release|Any CPU
		{F446DF8E-FFFA-4C11-A8A3-55A652CA3ED3}.Ad-Hoc|Any CPU.Deploy.0 = Release|Any CPU
		{F446DF8E-FFFA-4C11-A8A3-55A652CA3ED3}.Ad-Hoc|ARM.ActiveCfg = Release|ARM
		{F446DF8E-FFFA-4C11-A8A3-55A652CA3ED3}.Ad-Hoc|ARM.Build.0 = Release|ARM
		{F446DF8E-FFFA-4C11-A8A3-55A652CA3ED3}.Ad-Hoc|ARM.Deploy.0 = Release|ARM
		{F446DF8E-FFFA-4C11-A8A3-55A652CA3ED3}.Ad-Hoc|iPhone.ActiveCfg = Release|Any CPU
		{F446DF8E-FFFA-4C11-A8A3-55A652CA3ED3}.Ad-Hoc|iPhone.Build.0 = Release|Any CPU
		{F446DF8E-FFFA-4C11-A8A3-55A652CA3ED3}.Ad-Hoc|iPhone.Deploy.0 = Release|Any CPU
		{F446DF8E-FFFA-4C11-A8A3-55A652CA3ED3}.Ad-Hoc|iPhoneSimulator.ActiveCfg = Release|Any CPU
		{F446DF8E-FFFA-4C11-A8A3-55A652CA3ED3}.Ad-Hoc|iPhoneSimulator.Build.0 = Release|Any CPU
		{F446DF8E-FFFA-4C11-A8A3-55A652CA3ED3}.Ad-Hoc|iPhoneSimulator.Deploy.0 = Release|Any CPU
		{F446DF8E-FFFA-4C11-A8A3-55A652CA3ED3}.Ad-Hoc|x64.ActiveCfg = Release|Any CPU
		{F446DF8E-FFFA-4C11-A8A3-55A652CA3ED3}.Ad-Hoc|x64.Build.0 = Release|Any CPU
		{F446DF8E-FFFA-4C11-A8A3-55A652CA3ED3}.Ad-Hoc|x64.Deploy.0 = Release|Any CPU
		{F446DF8E-FFFA-4C11-A8A3-55A652CA3ED3}.Ad-Hoc|x86.ActiveCfg = Release|x86
		{F446DF8E-FFFA-4C11-A8A3-55A652CA3ED3}.Ad-Hoc|x86.Build.0 = Release|x86
		{F446DF8E-FFFA-4C11-A8A3-55A652CA3ED3}.Ad-Hoc|x86.Deploy.0 = Release|x86
		{F446DF8E-FFFA-4C11-A8A3-55A652CA3ED3}.AppStore|Any CPU.ActiveCfg = Release|Any CPU
		{F446DF8E-FFFA-4C11-A8A3-55A652CA3ED3}.AppStore|Any CPU.Build.0 = Release|Any CPU
		{F446DF8E-FFFA-4C11-A8A3-55A652CA3ED3}.AppStore|Any CPU.Deploy.0 = Release|Any CPU
		{F446DF8E-FFFA-4C11-A8A3-55A652CA3ED3}.AppStore|ARM.ActiveCfg = Release|ARM
		{F446DF8E-FFFA-4C11-A8A3-55A652CA3ED3}.AppStore|ARM.Build.0 = Release|ARM
		{F446DF8E-FFFA-4C11-A8A3-55A652CA3ED3}.AppStore|ARM.Deploy.0 = Release|ARM
		{F446DF8E-FFFA-4C11-A8A3-55A652CA3ED3}.AppStore|iPhone.ActiveCfg = Release|Any CPU
		{F446DF8E-FFFA-4C11-A8A3-55A652CA3ED3}.AppStore|iPhone.Build.0 = Release|Any CPU
		{F446DF8E-FFFA-4C11-A8A3-55A652CA3ED3}.AppStore|iPhone.Deploy.0 = Release|Any CPU
		{F446DF8E-FFFA-4C11-A8A3-55A652CA3ED3}.AppStore|iPhoneSimulator.ActiveCfg = Release|Any CPU
		{F446DF8E-FFFA-4C11-A8A3-55A652CA3ED3}.AppStore|iPhoneSimulator.Build.0 = Release|Any CPU
		{F446DF8E-FFFA-4C11-A8A3-55A652CA3ED3}.AppStore|iPhoneSimulator.Deploy.0 = Release|Any CPU
		{F446DF8E-FFFA-4C11-A8A3-55A652CA3ED3}.AppStore|x64.ActiveCfg = Release|Any CPU
		{F446DF8E-FFFA-4C11-A8A3-55A652CA3ED3}.AppStore|x64.Build.0 = Release|Any CPU
		{F446DF8E-FFFA-4C11-A8A3-55A652CA3ED3}.AppStore|x64.Deploy.0 = Release|Any CPU
		{F446DF8E-FFFA-4C11-A8A3-55A652CA3ED3}.AppStore|x86.ActiveCfg = Release|x86
		{F446DF8E-FFFA-4C11-A8A3-55A652CA3ED3}.AppStore|x86.Build.0 = Release|x86
		{F446DF8E-FFFA-4C11-A8A3-55A652CA3ED3}.AppStore|x86.Deploy.0 = Release|x86
		{F446DF8E-FFFA-4C11-A8A3-55A652CA3ED3}.Debug|Any CPU.ActiveCfg = Debug|Any CPU
		{F446DF8E-FFFA-4C11-A8A3-55A652CA3ED3}.Debug|Any CPU.Build.0 = Debug|Any CPU
		{F446DF8E-FFFA-4C11-A8A3-55A652CA3ED3}.Debug|Any CPU.Deploy.0 = Debug|Any CPU
		{F446DF8E-FFFA-4C11-A8A3-55A652CA3ED3}.Debug|ARM.ActiveCfg = Debug|ARM
		{F446DF8E-FFFA-4C11-A8A3-55A652CA3ED3}.Debug|ARM.Build.0 = Debug|ARM
		{F446DF8E-FFFA-4C11-A8A3-55A652CA3ED3}.Debug|ARM.Deploy.0 = Debug|ARM
		{F446DF8E-FFFA-4C11-A8A3-55A652CA3ED3}.Debug|iPhone.ActiveCfg = Debug|Any CPU
		{F446DF8E-FFFA-4C11-A8A3-55A652CA3ED3}.Debug|iPhone.Build.0 = Debug|Any CPU
		{F446DF8E-FFFA-4C11-A8A3-55A652CA3ED3}.Debug|iPhone.Deploy.0 = Debug|Any CPU
		{F446DF8E-FFFA-4C11-A8A3-55A652CA3ED3}.Debug|iPhoneSimulator.ActiveCfg = Debug|Any CPU
		{F446DF8E-FFFA-4C11-A8A3-55A652CA3ED3}.Debug|iPhoneSimulator.Build.0 = Debug|Any CPU
		{F446DF8E-FFFA-4C11-A8A3-55A652CA3ED3}.Debug|iPhoneSimulator.Deploy.0 = Debug|Any CPU
		{F446DF8E-FFFA-4C11-A8A3-55A652CA3ED3}.Debug|x64.ActiveCfg = Debug|Any CPU
		{F446DF8E-FFFA-4C11-A8A3-55A652CA3ED3}.Debug|x64.Build.0 = Debug|Any CPU
		{F446DF8E-FFFA-4C11-A8A3-55A652CA3ED3}.Debug|x64.Deploy.0 = Debug|Any CPU
		{F446DF8E-FFFA-4C11-A8A3-55A652CA3ED3}.Debug|x86.ActiveCfg = Debug|x86
		{F446DF8E-FFFA-4C11-A8A3-55A652CA3ED3}.Debug|x86.Build.0 = Debug|x86
		{F446DF8E-FFFA-4C11-A8A3-55A652CA3ED3}.Debug|x86.Deploy.0 = Debug|x86
		{F446DF8E-FFFA-4C11-A8A3-55A652CA3ED3}.Release|Any CPU.ActiveCfg = Release|Any CPU
		{F446DF8E-FFFA-4C11-A8A3-55A652CA3ED3}.Release|Any CPU.Build.0 = Release|Any CPU
		{F446DF8E-FFFA-4C11-A8A3-55A652CA3ED3}.Release|Any CPU.Deploy.0 = Release|Any CPU
		{F446DF8E-FFFA-4C11-A8A3-55A652CA3ED3}.Release|ARM.ActiveCfg = Release|ARM
		{F446DF8E-FFFA-4C11-A8A3-55A652CA3ED3}.Release|ARM.Build.0 = Release|ARM
		{F446DF8E-FFFA-4C11-A8A3-55A652CA3ED3}.Release|ARM.Deploy.0 = Release|ARM
		{F446DF8E-FFFA-4C11-A8A3-55A652CA3ED3}.Release|iPhone.ActiveCfg = Release|Any CPU
		{F446DF8E-FFFA-4C11-A8A3-55A652CA3ED3}.Release|iPhone.Build.0 = Release|Any CPU
		{F446DF8E-FFFA-4C11-A8A3-55A652CA3ED3}.Release|iPhone.Deploy.0 = Release|Any CPU
		{F446DF8E-FFFA-4C11-A8A3-55A652CA3ED3}.Release|iPhoneSimulator.ActiveCfg = Release|Any CPU
		{F446DF8E-FFFA-4C11-A8A3-55A652CA3ED3}.Release|iPhoneSimulator.Build.0 = Release|Any CPU
		{F446DF8E-FFFA-4C11-A8A3-55A652CA3ED3}.Release|iPhoneSimulator.Deploy.0 = Release|Any CPU
		{F446DF8E-FFFA-4C11-A8A3-55A652CA3ED3}.Release|x64.ActiveCfg = Release|Any CPU
		{F446DF8E-FFFA-4C11-A8A3-55A652CA3ED3}.Release|x64.Build.0 = Release|Any CPU
		{F446DF8E-FFFA-4C11-A8A3-55A652CA3ED3}.Release|x64.Deploy.0 = Release|Any CPU
		{F446DF8E-FFFA-4C11-A8A3-55A652CA3ED3}.Release|x86.ActiveCfg = Release|x86
		{F446DF8E-FFFA-4C11-A8A3-55A652CA3ED3}.Release|x86.Build.0 = Release|x86
		{F446DF8E-FFFA-4C11-A8A3-55A652CA3ED3}.Release|x86.Deploy.0 = Release|x86
		{26CA1A3E-B207-45C1-83F6-2B93E8C37474}.Ad-Hoc|Any CPU.ActiveCfg = Release|Any CPU
		{26CA1A3E-B207-45C1-83F6-2B93E8C37474}.Ad-Hoc|Any CPU.Build.0 = Release|Any CPU
		{26CA1A3E-B207-45C1-83F6-2B93E8C37474}.Ad-Hoc|Any CPU.Deploy.0 = Release|Any CPU
		{26CA1A3E-B207-45C1-83F6-2B93E8C37474}.Ad-Hoc|ARM.ActiveCfg = Release|ARM
		{26CA1A3E-B207-45C1-83F6-2B93E8C37474}.Ad-Hoc|ARM.Build.0 = Release|ARM
		{26CA1A3E-B207-45C1-83F6-2B93E8C37474}.Ad-Hoc|ARM.Deploy.0 = Release|ARM
		{26CA1A3E-B207-45C1-83F6-2B93E8C37474}.Ad-Hoc|iPhone.ActiveCfg = Release|Any CPU
		{26CA1A3E-B207-45C1-83F6-2B93E8C37474}.Ad-Hoc|iPhone.Build.0 = Release|Any CPU
		{26CA1A3E-B207-45C1-83F6-2B93E8C37474}.Ad-Hoc|iPhone.Deploy.0 = Release|Any CPU
		{26CA1A3E-B207-45C1-83F6-2B93E8C37474}.Ad-Hoc|iPhoneSimulator.ActiveCfg = Release|Any CPU
		{26CA1A3E-B207-45C1-83F6-2B93E8C37474}.Ad-Hoc|iPhoneSimulator.Build.0 = Release|Any CPU
		{26CA1A3E-B207-45C1-83F6-2B93E8C37474}.Ad-Hoc|iPhoneSimulator.Deploy.0 = Release|Any CPU
		{26CA1A3E-B207-45C1-83F6-2B93E8C37474}.Ad-Hoc|x64.ActiveCfg = Release|x64
		{26CA1A3E-B207-45C1-83F6-2B93E8C37474}.Ad-Hoc|x64.Build.0 = Release|x64
		{26CA1A3E-B207-45C1-83F6-2B93E8C37474}.Ad-Hoc|x64.Deploy.0 = Release|x64
		{26CA1A3E-B207-45C1-83F6-2B93E8C37474}.Ad-Hoc|x86.ActiveCfg = Release|x86
		{26CA1A3E-B207-45C1-83F6-2B93E8C37474}.Ad-Hoc|x86.Build.0 = Release|x86
		{26CA1A3E-B207-45C1-83F6-2B93E8C37474}.Ad-Hoc|x86.Deploy.0 = Release|x86
		{26CA1A3E-B207-45C1-83F6-2B93E8C37474}.AppStore|Any CPU.ActiveCfg = Release|Any CPU
		{26CA1A3E-B207-45C1-83F6-2B93E8C37474}.AppStore|Any CPU.Build.0 = Release|Any CPU
		{26CA1A3E-B207-45C1-83F6-2B93E8C37474}.AppStore|Any CPU.Deploy.0 = Release|Any CPU
		{26CA1A3E-B207-45C1-83F6-2B93E8C37474}.AppStore|ARM.ActiveCfg = Release|ARM
		{26CA1A3E-B207-45C1-83F6-2B93E8C37474}.AppStore|ARM.Build.0 = Release|ARM
		{26CA1A3E-B207-45C1-83F6-2B93E8C37474}.AppStore|ARM.Deploy.0 = Release|ARM
		{26CA1A3E-B207-45C1-83F6-2B93E8C37474}.AppStore|iPhone.ActiveCfg = Release|Any CPU
		{26CA1A3E-B207-45C1-83F6-2B93E8C37474}.AppStore|iPhone.Build.0 = Release|Any CPU
		{26CA1A3E-B207-45C1-83F6-2B93E8C37474}.AppStore|iPhone.Deploy.0 = Release|Any CPU
		{26CA1A3E-B207-45C1-83F6-2B93E8C37474}.AppStore|iPhoneSimulator.ActiveCfg = Release|Any CPU
		{26CA1A3E-B207-45C1-83F6-2B93E8C37474}.AppStore|iPhoneSimulator.Build.0 = Release|Any CPU
		{26CA1A3E-B207-45C1-83F6-2B93E8C37474}.AppStore|iPhoneSimulator.Deploy.0 = Release|Any CPU
		{26CA1A3E-B207-45C1-83F6-2B93E8C37474}.AppStore|x64.ActiveCfg = Release|x64
		{26CA1A3E-B207-45C1-83F6-2B93E8C37474}.AppStore|x64.Build.0 = Release|x64
		{26CA1A3E-B207-45C1-83F6-2B93E8C37474}.AppStore|x64.Deploy.0 = Release|x64
		{26CA1A3E-B207-45C1-83F6-2B93E8C37474}.AppStore|x86.ActiveCfg = Release|x86
		{26CA1A3E-B207-45C1-83F6-2B93E8C37474}.AppStore|x86.Build.0 = Release|x86
		{26CA1A3E-B207-45C1-83F6-2B93E8C37474}.AppStore|x86.Deploy.0 = Release|x86
		{26CA1A3E-B207-45C1-83F6-2B93E8C37474}.Debug|Any CPU.ActiveCfg = Debug|Any CPU
		{26CA1A3E-B207-45C1-83F6-2B93E8C37474}.Debug|Any CPU.Build.0 = Debug|Any CPU
		{26CA1A3E-B207-45C1-83F6-2B93E8C37474}.Debug|Any CPU.Deploy.0 = Debug|Any CPU
		{26CA1A3E-B207-45C1-83F6-2B93E8C37474}.Debug|ARM.ActiveCfg = Debug|ARM
		{26CA1A3E-B207-45C1-83F6-2B93E8C37474}.Debug|ARM.Build.0 = Debug|ARM
		{26CA1A3E-B207-45C1-83F6-2B93E8C37474}.Debug|ARM.Deploy.0 = Debug|ARM
		{26CA1A3E-B207-45C1-83F6-2B93E8C37474}.Debug|iPhone.ActiveCfg = Debug|Any CPU
		{26CA1A3E-B207-45C1-83F6-2B93E8C37474}.Debug|iPhone.Build.0 = Debug|Any CPU
		{26CA1A3E-B207-45C1-83F6-2B93E8C37474}.Debug|iPhone.Deploy.0 = Debug|Any CPU
		{26CA1A3E-B207-45C1-83F6-2B93E8C37474}.Debug|iPhoneSimulator.ActiveCfg = Debug|Any CPU
		{26CA1A3E-B207-45C1-83F6-2B93E8C37474}.Debug|iPhoneSimulator.Build.0 = Debug|Any CPU
		{26CA1A3E-B207-45C1-83F6-2B93E8C37474}.Debug|iPhoneSimulator.Deploy.0 = Debug|Any CPU
		{26CA1A3E-B207-45C1-83F6-2B93E8C37474}.Debug|x64.ActiveCfg = Debug|x64
		{26CA1A3E-B207-45C1-83F6-2B93E8C37474}.Debug|x64.Build.0 = Debug|x64
		{26CA1A3E-B207-45C1-83F6-2B93E8C37474}.Debug|x64.Deploy.0 = Debug|x64
		{26CA1A3E-B207-45C1-83F6-2B93E8C37474}.Debug|x86.ActiveCfg = Debug|x86
		{26CA1A3E-B207-45C1-83F6-2B93E8C37474}.Debug|x86.Build.0 = Debug|x86
		{26CA1A3E-B207-45C1-83F6-2B93E8C37474}.Debug|x86.Deploy.0 = Debug|x86
		{26CA1A3E-B207-45C1-83F6-2B93E8C37474}.Release|Any CPU.ActiveCfg = Release|Any CPU
		{26CA1A3E-B207-45C1-83F6-2B93E8C37474}.Release|Any CPU.Build.0 = Release|Any CPU
		{26CA1A3E-B207-45C1-83F6-2B93E8C37474}.Release|Any CPU.Deploy.0 = Release|Any CPU
		{26CA1A3E-B207-45C1-83F6-2B93E8C37474}.Release|ARM.ActiveCfg = Release|ARM
		{26CA1A3E-B207-45C1-83F6-2B93E8C37474}.Release|ARM.Build.0 = Release|ARM
		{26CA1A3E-B207-45C1-83F6-2B93E8C37474}.Release|ARM.Deploy.0 = Release|ARM
		{26CA1A3E-B207-45C1-83F6-2B93E8C37474}.Release|iPhone.ActiveCfg = Release|Any CPU
		{26CA1A3E-B207-45C1-83F6-2B93E8C37474}.Release|iPhone.Build.0 = Release|Any CPU
		{26CA1A3E-B207-45C1-83F6-2B93E8C37474}.Release|iPhone.Deploy.0 = Release|Any CPU
		{26CA1A3E-B207-45C1-83F6-2B93E8C37474}.Release|iPhoneSimulator.ActiveCfg = Release|Any CPU
		{26CA1A3E-B207-45C1-83F6-2B93E8C37474}.Release|iPhoneSimulator.Build.0 = Release|Any CPU
		{26CA1A3E-B207-45C1-83F6-2B93E8C37474}.Release|iPhoneSimulator.Deploy.0 = Release|Any CPU
		{26CA1A3E-B207-45C1-83F6-2B93E8C37474}.Release|x64.ActiveCfg = Release|x64
		{26CA1A3E-B207-45C1-83F6-2B93E8C37474}.Release|x64.Build.0 = Release|x64
		{26CA1A3E-B207-45C1-83F6-2B93E8C37474}.Release|x64.Deploy.0 = Release|x64
		{26CA1A3E-B207-45C1-83F6-2B93E8C37474}.Release|x86.ActiveCfg = Release|x86
		{26CA1A3E-B207-45C1-83F6-2B93E8C37474}.Release|x86.Build.0 = Release|x86
		{26CA1A3E-B207-45C1-83F6-2B93E8C37474}.Release|x86.Deploy.0 = Release|x86
	EndGlobalSection
	GlobalSection(SolutionProperties) = preSolution
		HideSolutionNode = FALSE
	EndGlobalSection
EndGlobal
